// !$*UTF8*$!
{
	archiveVersion = 1;
	classes = {
	};
	objectVersion = 46;
	objects = {

/* Begin PBXBuildFile section */
		4E1228E11B8D83CE008129B1 /* AppDelegate.swift in Sources */ = {isa = PBXBuildFile; fileRef = 4E1228E01B8D83CE008129B1 /* AppDelegate.swift */; };
		4E1228E51B8D83CE008129B1 /* Images.xcassets in Resources */ = {isa = PBXBuildFile; fileRef = 4E1228E41B8D83CE008129B1 /* Images.xcassets */; };
		4E1228E81B8D83CE008129B1 /* Main.storyboard in Resources */ = {isa = PBXBuildFile; fileRef = 4E1228E61B8D83CE008129B1 /* Main.storyboard */; };
		4E12290A1B8FD2BA008129B1 /* main.swift in Sources */ = {isa = PBXBuildFile; fileRef = 4E1229091B8FD2BA008129B1 /* main.swift */; };
		4E12290C1B8FD584008129B1 /* Processor.swift in Sources */ = {isa = PBXBuildFile; fileRef = 4E12290B1B8FD584008129B1 /* Processor.swift */; };
		4E12290E1B8FD5FB008129B1 /* ViewController.swift in Sources */ = {isa = PBXBuildFile; fileRef = 4E12290D1B8FD5FB008129B1 /* ViewController.swift */; };
		4E1229121B8FD722008129B1 /* NSImageEffects.m in Sources */ = {isa = PBXBuildFile; fileRef = 4E1229111B8FD722008129B1 /* NSImageEffects.m */; };
		4E39944C1B9C213C00075888 /* SLColorArt.m in Sources */ = {isa = PBXBuildFile; fileRef = 4E39944B1B9C213C00075888 /* SLColorArt.m */; };
		4E5549FE1B94BDCF0057079D /* ExtraViews.swift in Sources */ = {isa = PBXBuildFile; fileRef = 4E5549FD1B94BDCF0057079D /* ExtraViews.swift */; };
		4E60A29E1BA4DEC70044059E /* TimingFunctions.swift in Sources */ = {isa = PBXBuildFile; fileRef = 4E60A29D1BA4DEC70044059E /* TimingFunctions.swift */; };
		4E8BD99F1BA7DA70000EFA22 /* ViewController_DropletView.swift in Sources */ = {isa = PBXBuildFile; fileRef = 4E8BD99E1BA7DA70000EFA22 /* ViewController_DropletView.swift */; };
		4E8BD9A11BA7DAFD000EFA22 /* ViewController_DropperCallbacks.swift in Sources */ = {isa = PBXBuildFile; fileRef = 4E8BD9A01BA7DAFD000EFA22 /* ViewController_DropperCallbacks.swift */; };
		4E8BD9A31BA7DB3B000EFA22 /* ViewController_UI.swift in Sources */ = {isa = PBXBuildFile; fileRef = 4E8BD9A21BA7DB3B000EFA22 /* ViewController_UI.swift */; };
		4E8BD9A51BA7DC0E000EFA22 /* ViewController_Data.swift in Sources */ = {isa = PBXBuildFile; fileRef = 4E8BD9A41BA7DC0E000EFA22 /* ViewController_Data.swift */; };
		4EAD45C11BA819A800523835 /* NOTES.txt in Resources */ = {isa = PBXBuildFile; fileRef = 4EAD45C01BA819A800523835 /* NOTES.txt */; };
/* End PBXBuildFile section */

/* Begin PBXFileReference section */
		4E1228DB1B8D83CE008129B1 /* Backgroundifier.app */ = {isa = PBXFileReference; explicitFileType = wrapper.application; includeInIndex = 0; path = Backgroundifier.app; sourceTree = BUILT_PRODUCTS_DIR; };
		4E1228DF1B8D83CE008129B1 /* Info.plist */ = {isa = PBXFileReference; lastKnownFileType = text.plist.xml; path = Info.plist; sourceTree = "<group>"; };
		4E1228E01B8D83CE008129B1 /* AppDelegate.swift */ = {isa = PBXFileReference; lastKnownFileType = sourcecode.swift; path = AppDelegate.swift; sourceTree = "<group>"; };
		4E1228E41B8D83CE008129B1 /* Images.xcassets */ = {isa = PBXFileReference; lastKnownFileType = folder.assetcatalog; path = Images.xcassets; sourceTree = "<group>"; };
		4E1228E71B8D83CE008129B1 /* Base */ = {isa = PBXFileReference; lastKnownFileType = file.storyboard; name = Base; path = Base.lproj/Main.storyboard; sourceTree = "<group>"; };
		4E1228FD1B8EA945008129B1 /* Backgroundifier.entitlements */ = {isa = PBXFileReference; lastKnownFileType = text.xml; path = Backgroundifier.entitlements; sourceTree = "<group>"; };
		4E1229091B8FD2BA008129B1 /* main.swift */ = {isa = PBXFileReference; fileEncoding = 4; lastKnownFileType = sourcecode.swift; path = main.swift; sourceTree = "<group>"; };
		4E12290B1B8FD584008129B1 /* Processor.swift */ = {isa = PBXFileReference; fileEncoding = 4; lastKnownFileType = sourcecode.swift; path = Processor.swift; sourceTree = "<group>"; };
		4E12290D1B8FD5FB008129B1 /* ViewController.swift */ = {isa = PBXFileReference; fileEncoding = 4; lastKnownFileType = sourcecode.swift; path = ViewController.swift; sourceTree = "<group>"; };
		4E12290F1B8FD721008129B1 /* Backgroundifier-Bridging-Header.h */ = {isa = PBXFileReference; lastKnownFileType = sourcecode.c.h; path = "Backgroundifier-Bridging-Header.h"; sourceTree = "<group>"; };
		4E1229101B8FD722008129B1 /* NSImageEffects.h */ = {isa = PBXFileReference; fileEncoding = 4; lastKnownFileType = sourcecode.c.h; path = NSImageEffects.h; sourceTree = "<group>"; };
		4E1229111B8FD722008129B1 /* NSImageEffects.m */ = {isa = PBXFileReference; fileEncoding = 4; lastKnownFileType = sourcecode.c.objc; path = NSImageEffects.m; sourceTree = "<group>"; };
		4E39944A1B9C213C00075888 /* SLColorArt.h */ = {isa = PBXFileReference; fileEncoding = 4; lastKnownFileType = sourcecode.c.h; path = SLColorArt.h; sourceTree = "<group>"; };
		4E39944B1B9C213C00075888 /* SLColorArt.m */ = {isa = PBXFileReference; fileEncoding = 4; lastKnownFileType = sourcecode.c.objc; path = SLColorArt.m; sourceTree = "<group>"; };
		4E5549FD1B94BDCF0057079D /* ExtraViews.swift */ = {isa = PBXFileReference; fileEncoding = 4; lastKnownFileType = sourcecode.swift; path = ExtraViews.swift; sourceTree = "<group>"; };
		4E60A29D1BA4DEC70044059E /* TimingFunctions.swift */ = {isa = PBXFileReference; fileEncoding = 4; lastKnownFileType = sourcecode.swift; path = TimingFunctions.swift; sourceTree = "<group>"; };
		4E8BD99E1BA7DA70000EFA22 /* ViewController_DropletView.swift */ = {isa = PBXFileReference; fileEncoding = 4; lastKnownFileType = sourcecode.swift; path = ViewController_DropletView.swift; sourceTree = "<group>"; };
		4E8BD9A01BA7DAFD000EFA22 /* ViewController_DropperCallbacks.swift */ = {isa = PBXFileReference; fileEncoding = 4; lastKnownFileType = sourcecode.swift; path = ViewController_DropperCallbacks.swift; sourceTree = "<group>"; };
		4E8BD9A21BA7DB3B000EFA22 /* ViewController_UI.swift */ = {isa = PBXFileReference; fileEncoding = 4; lastKnownFileType = sourcecode.swift; path = ViewController_UI.swift; sourceTree = "<group>"; };
		4E8BD9A41BA7DC0E000EFA22 /* ViewController_Data.swift */ = {isa = PBXFileReference; fileEncoding = 4; lastKnownFileType = sourcecode.swift; path = ViewController_Data.swift; sourceTree = "<group>"; };
		4EAD45C01BA819A800523835 /* NOTES.txt */ = {isa = PBXFileReference; fileEncoding = 4; lastKnownFileType = text; path = NOTES.txt; sourceTree = "<group>"; };
/* End PBXFileReference section */

/* Begin PBXFrameworksBuildPhase section */
		4E1228D81B8D83CE008129B1 /* Frameworks */ = {
			isa = PBXFrameworksBuildPhase;
			buildActionMask = 2147483647;
			files = (
			);
			runOnlyForDeploymentPostprocessing = 0;
		};
/* End PBXFrameworksBuildPhase section */

/* Begin PBXGroup section */
		4E1228D21B8D83CE008129B1 = {
			isa = PBXGroup;
			children = (
				4E1228DD1B8D83CE008129B1 /* Backgroundifier */,
				4E1228DC1B8D83CE008129B1 /* Products */,
			);
			sourceTree = "<group>";
		};
		4E1228DC1B8D83CE008129B1 /* Products */ = {
			isa = PBXGroup;
			children = (
				4E1228DB1B8D83CE008129B1 /* Backgroundifier.app */,
			);
			name = Products;
			sourceTree = "<group>";
		};
		4E1228DD1B8D83CE008129B1 /* Backgroundifier */ = {
			isa = PBXGroup;
			children = (
				4E1228FD1B8EA945008129B1 /* Backgroundifier.entitlements */,
				4E1228E01B8D83CE008129B1 /* AppDelegate.swift */,
				4E12290D1B8FD5FB008129B1 /* ViewController.swift */,
				4E8BD99E1BA7DA70000EFA22 /* ViewController_DropletView.swift */,
				4E8BD9A01BA7DAFD000EFA22 /* ViewController_DropperCallbacks.swift */,
				4E8BD9A21BA7DB3B000EFA22 /* ViewController_UI.swift */,
				4E8BD9A41BA7DC0E000EFA22 /* ViewController_Data.swift */,
				4E5549FD1B94BDCF0057079D /* ExtraViews.swift */,
				4E60A29D1BA4DEC70044059E /* TimingFunctions.swift */,
				4E12290B1B8FD584008129B1 /* Processor.swift */,
				4E1229101B8FD722008129B1 /* NSImageEffects.h */,
				4E1229111B8FD722008129B1 /* NSImageEffects.m */,
				4E39944A1B9C213C00075888 /* SLColorArt.h */,
				4E39944B1B9C213C00075888 /* SLColorArt.m */,
				4E1229091B8FD2BA008129B1 /* main.swift */,
				4E1228E61B8D83CE008129B1 /* Main.storyboard */,
				4E12290F1B8FD721008129B1 /* Backgroundifier-Bridging-Header.h */,
				4E1228E41B8D83CE008129B1 /* Images.xcassets */,
				4EAD45C01BA819A800523835 /* NOTES.txt */,
				4E1228DE1B8D83CE008129B1 /* Supporting Files */,
			);
			path = Backgroundifier;
			sourceTree = "<group>";
		};
		4E1228DE1B8D83CE008129B1 /* Supporting Files */ = {
			isa = PBXGroup;
			children = (
				4E1228DF1B8D83CE008129B1 /* Info.plist */,
			);
			name = "Supporting Files";
			sourceTree = "<group>";
		};
/* End PBXGroup section */

/* Begin PBXNativeTarget section */
		4E1228DA1B8D83CE008129B1 /* Backgroundifier */ = {
			isa = PBXNativeTarget;
			buildConfigurationList = 4E1228F71B8D83CE008129B1 /* Build configuration list for PBXNativeTarget "Backgroundifier" */;
			buildPhases = (
				4E1228D71B8D83CE008129B1 /* Sources */,
				4E1228D81B8D83CE008129B1 /* Frameworks */,
				4E1228D91B8D83CE008129B1 /* Resources */,
			);
			buildRules = (
			);
			dependencies = (
			);
			name = Backgroundifier;
			productName = Backgroundifier;
			productReference = 4E1228DB1B8D83CE008129B1 /* Backgroundifier.app */;
			productType = "com.apple.product-type.application";
		};
/* End PBXNativeTarget section */

/* Begin PBXProject section */
		4E1228D31B8D83CE008129B1 /* Project object */ = {
			isa = PBXProject;
			attributes = {
				LastUpgradeCheck = 0630;
				ORGANIZATIONNAME = "Alexei Baboulevitch";
				TargetAttributes = {
					4E1228DA1B8D83CE008129B1 = {
						CreatedOnToolsVersion = 6.3.1;
						DevelopmentTeam = R4MX2B96J2;
						SystemCapabilities = {
							com.apple.Sandbox = {
								enabled = 1;
							};
						};
					};
				};
			};
			buildConfigurationList = 4E1228D61B8D83CE008129B1 /* Build configuration list for PBXProject "Backgroundifier" */;
			compatibilityVersion = "Xcode 3.2";
			developmentRegion = English;
			hasScannedForEncodings = 0;
			knownRegions = (
				en,
				Base,
			);
			mainGroup = 4E1228D21B8D83CE008129B1;
			productRefGroup = 4E1228DC1B8D83CE008129B1 /* Products */;
			projectDirPath = "";
			projectRoot = "";
			targets = (
				4E1228DA1B8D83CE008129B1 /* Backgroundifier */,
			);
		};
/* End PBXProject section */

/* Begin PBXResourcesBuildPhase section */
		4E1228D91B8D83CE008129B1 /* Resources */ = {
			isa = PBXResourcesBuildPhase;
			buildActionMask = 2147483647;
			files = (
				4E1228E51B8D83CE008129B1 /* Images.xcassets in Resources */,
				4E1228E81B8D83CE008129B1 /* Main.storyboard in Resources */,
				4EAD45C11BA819A800523835 /* NOTES.txt in Resources */,
			);
			runOnlyForDeploymentPostprocessing = 0;
		};
/* End PBXResourcesBuildPhase section */

/* Begin PBXSourcesBuildPhase section */
		4E1228D71B8D83CE008129B1 /* Sources */ = {
			isa = PBXSourcesBuildPhase;
			buildActionMask = 2147483647;
			files = (
				4E12290A1B8FD2BA008129B1 /* main.swift in Sources */,
				4E60A29E1BA4DEC70044059E /* TimingFunctions.swift in Sources */,
				4E39944C1B9C213C00075888 /* SLColorArt.m in Sources */,
				4E12290C1B8FD584008129B1 /* Processor.swift in Sources */,
				4E8BD9A51BA7DC0E000EFA22 /* ViewController_Data.swift in Sources */,
				4E8BD99F1BA7DA70000EFA22 /* ViewController_DropletView.swift in Sources */,
				4E1229121B8FD722008129B1 /* NSImageEffects.m in Sources */,
				4E5549FE1B94BDCF0057079D /* ExtraViews.swift in Sources */,
				4E8BD9A31BA7DB3B000EFA22 /* ViewController_UI.swift in Sources */,
				4E12290E1B8FD5FB008129B1 /* ViewController.swift in Sources */,
				4E8BD9A11BA7DAFD000EFA22 /* ViewController_DropperCallbacks.swift in Sources */,
				4E1228E11B8D83CE008129B1 /* AppDelegate.swift in Sources */,
			);
			runOnlyForDeploymentPostprocessing = 0;
		};
/* End PBXSourcesBuildPhase section */

/* Begin PBXVariantGroup section */
		4E1228E61B8D83CE008129B1 /* Main.storyboard */ = {
			isa = PBXVariantGroup;
			children = (
				4E1228E71B8D83CE008129B1 /* Base */,
			);
			name = Main.storyboard;
			sourceTree = "<group>";
		};
/* End PBXVariantGroup section */

/* Begin XCBuildConfiguration section */
		4E1228F51B8D83CE008129B1 /* Debug */ = {
			isa = XCBuildConfiguration;
			buildSettings = {
				ALWAYS_SEARCH_USER_PATHS = NO;
				CLANG_CXX_LANGUAGE_STANDARD = "gnu++0x";
				CLANG_CXX_LIBRARY = "libc++";
				CLANG_ENABLE_MODULES = YES;
				CLANG_ENABLE_OBJC_ARC = YES;
				CLANG_WARN_BOOL_CONVERSION = YES;
				CLANG_WARN_CONSTANT_CONVERSION = YES;
				CLANG_WARN_DIRECT_OBJC_ISA_USAGE = YES_ERROR;
				CLANG_WARN_EMPTY_BODY = YES;
				CLANG_WARN_ENUM_CONVERSION = YES;
				CLANG_WARN_INT_CONVERSION = YES;
				CLANG_WARN_OBJC_ROOT_CLASS = YES_ERROR;
				CLANG_WARN_UNREACHABLE_CODE = YES;
				CLANG_WARN__DUPLICATE_METHOD_MATCH = YES;
				CODE_SIGN_IDENTITY = "-";
				COPY_PHASE_STRIP = NO;
				DEBUG_INFORMATION_FORMAT = dwarf;
				ENABLE_STRICT_OBJC_MSGSEND = YES;
				GCC_C_LANGUAGE_STANDARD = gnu99;
				GCC_DYNAMIC_NO_PIC = NO;
				GCC_NO_COMMON_BLOCKS = YES;
				GCC_OPTIMIZATION_LEVEL = 0;
				GCC_PREPROCESSOR_DEFINITIONS = (
					"DEBUG=1",
					"$(inherited)",
				);
				GCC_SYMBOLS_PRIVATE_EXTERN = NO;
				GCC_WARN_64_TO_32_BIT_CONVERSION = YES;
				GCC_WARN_ABOUT_RETURN_TYPE = YES_ERROR;
				GCC_WARN_UNDECLARED_SELECTOR = YES;
				GCC_WARN_UNINITIALIZED_AUTOS = YES_AGGRESSIVE;
				GCC_WARN_UNUSED_FUNCTION = YES;
				GCC_WARN_UNUSED_VARIABLE = YES;
				MACOSX_DEPLOYMENT_TARGET = 10.10;
				MTL_ENABLE_DEBUG_INFO = YES;
				ONLY_ACTIVE_ARCH = YES;
				SDKROOT = macosx;
				SWIFT_OPTIMIZATION_LEVEL = "-Onone";
			};
			name = Debug;
		};
		4E1228F61B8D83CE008129B1 /* Release */ = {
			isa = XCBuildConfiguration;
			buildSettings = {
				ALWAYS_SEARCH_USER_PATHS = NO;
				CLANG_CXX_LANGUAGE_STANDARD = "gnu++0x";
				CLANG_CXX_LIBRARY = "libc++";
				CLANG_ENABLE_MODULES = YES;
				CLANG_ENABLE_OBJC_ARC = YES;
				CLANG_WARN_BOOL_CONVERSION = YES;
				CLANG_WARN_CONSTANT_CONVERSION = YES;
				CLANG_WARN_DIRECT_OBJC_ISA_USAGE = YES_ERROR;
				CLANG_WARN_EMPTY_BODY = YES;
				CLANG_WARN_ENUM_CONVERSION = YES;
				CLANG_WARN_INT_CONVERSION = YES;
				CLANG_WARN_OBJC_ROOT_CLASS = YES_ERROR;
				CLANG_WARN_UNREACHABLE_CODE = YES;
				CLANG_WARN__DUPLICATE_METHOD_MATCH = YES;
				CODE_SIGN_IDENTITY = "-";
				COPY_PHASE_STRIP = NO;
				DEBUG_INFORMATION_FORMAT = "dwarf-with-dsym";
				ENABLE_NS_ASSERTIONS = NO;
				ENABLE_STRICT_OBJC_MSGSEND = YES;
				GCC_C_LANGUAGE_STANDARD = gnu99;
				GCC_NO_COMMON_BLOCKS = YES;
				GCC_WARN_64_TO_32_BIT_CONVERSION = YES;
				GCC_WARN_ABOUT_RETURN_TYPE = YES_ERROR;
				GCC_WARN_UNDECLARED_SELECTOR = YES;
				GCC_WARN_UNINITIALIZED_AUTOS = YES_AGGRESSIVE;
				GCC_WARN_UNUSED_FUNCTION = YES;
				GCC_WARN_UNUSED_VARIABLE = YES;
				MACOSX_DEPLOYMENT_TARGET = 10.10;
				MTL_ENABLE_DEBUG_INFO = NO;
				SDKROOT = macosx;
			};
			name = Release;
		};
		4E1228F81B8D83CE008129B1 /* Debug */ = {
			isa = XCBuildConfiguration;
			buildSettings = {
				ASSETCATALOG_COMPILER_APPICON_NAME = AppIcon;
				CLANG_ENABLE_MODULES = YES;
				CODE_SIGN_ENTITLEMENTS = Backgroundifier/Backgroundifier.entitlements;
				CODE_SIGN_IDENTITY = "Mac Developer";
				COMBINE_HIDPI_IMAGES = YES;
				INFOPLIST_FILE = Backgroundifier/Info.plist;
				LD_RUNPATH_SEARCH_PATHS = "$(inherited) @executable_path/../Frameworks";
				MACOSX_DEPLOYMENT_TARGET = 10.10;
				PRODUCT_NAME = "$(TARGET_NAME)";
				SWIFT_OBJC_BRIDGING_HEADER = "Backgroundifier/Backgroundifier-Bridging-Header.h";
				SWIFT_OPTIMIZATION_LEVEL = "-Onone";
			};
			name = Debug;
		};
		4E1228F91B8D83CE008129B1 /* Release */ = {
			isa = XCBuildConfiguration;
			buildSettings = {
				ASSETCATALOG_COMPILER_APPICON_NAME = AppIcon;
				CLANG_ENABLE_MODULES = YES;
				CODE_SIGN_ENTITLEMENTS = Backgroundifier/Backgroundifier.entitlements;
				CODE_SIGN_IDENTITY = "Mac Developer";
				COMBINE_HIDPI_IMAGES = YES;
				INFOPLIST_FILE = Backgroundifier/Info.plist;
				LD_RUNPATH_SEARCH_PATHS = "$(inherited) @executable_path/../Frameworks";
				MACOSX_DEPLOYMENT_TARGET = 10.10;
				PRODUCT_NAME = "$(TARGET_NAME)";
				SWIFT_OBJC_BRIDGING_HEADER = "Backgroundifier/Backgroundifier-Bridging-Header.h";
			};
			name = Release;
		};
/* End XCBuildConfiguration section */

/* Begin XCConfigurationList section */
		4E1228D61B8D83CE008129B1 /* Build configuration list for PBXProject "Backgroundifier" */ = {
			isa = XCConfigurationList;
			buildConfigurations = (
				4E1228F51B8D83CE008129B1 /* Debug */,
				4E1228F61B8D83CE008129B1 /* Release */,
			);
			defaultConfigurationIsVisible = 0;
			defaultConfigurationName = Release;
		};
		4E1228F71B8D83CE008129B1 /* Build configuration list for PBXNativeTarget "Backgroundifier" */ = {
			isa = XCConfigurationList;
			buildConfigurations = (
				4E1228F81B8D83CE008129B1 /* Debug */,
				4E1228F91B8D83CE008129B1 /* Release */,
			);
			defaultConfigurationIsVisible = 0;
			defaultConfigurationName = Release;
		};
/* End XCConfigurationList section */
	};
	rootObject = 4E1228D31B8D83CE008129B1 /* Project object */;
}
